
Microsoft Visual Studio Solution File, Format Version 10.00
# Visual Studio 2008
Project("{D183A3D8-5FD8-494B-B014-37F57B35E655}") = "MTA_Analysis", "MTA_Analysis\MTA_Analysis.dtproj", "{3DC8D5A2-85D0-48BF-8DA3-DA75F80D3F29}"
EndProject
Global
	GlobalSection(SolutionConfigurationPlatforms) = preSolution
		Development|Default = Development|Default
	EndGlobalSection
	GlobalSection(ProjectConfigurationPlatforms) = postSolution
		{3DC8D5A2-85D0-48BF-8DA3-DA75F80D3F29}.Development|Default.ActiveCfg = Development
		{3DC8D5A2-85D0-48BF-8DA3-DA75F80D3F29}.Development|Default.Build.0 = Development
	EndGlobalSection
	GlobalSection(SolutionProperties) = preSolution
		HideSolutionNode = FALSE
	EndGlobalSection
EndGlobal
