
Microsoft Visual Studio Solution File, Format Version 10.00
# Visual Studio 2008
Project("{D183A3D8-5FD8-494B-B014-37F57B35E655}") = "FAS13", "FAS13\FAS13.dtproj", "{9A41A3C9-7CFE-4FD5-BCDD-BFF847498D70}"
EndProject
Global
	GlobalSection(SolutionConfigurationPlatforms) = preSolution
		Development|Default = Development|Default
	EndGlobalSection
	GlobalSection(ProjectConfigurationPlatforms) = postSolution
		{9A41A3C9-7CFE-4FD5-BCDD-BFF847498D70}.Development|Default.ActiveCfg = Development
		{9A41A3C9-7CFE-4FD5-BCDD-BFF847498D70}.Development|Default.Build.0 = Development
	EndGlobalSection
	GlobalSection(SolutionProperties) = preSolution
		HideSolutionNode = FALSE
	EndGlobalSection
EndGlobal
